
Microsoft Visual Studio Solution File, Format Version 12.00
Project("{2150E333-8FDC-42A3-9474-1A3956D46DE8}") = "Modules", "Modules", "{F1F01A83-D132-4AFC-9727-B2EB5590B411}"
EndProject
Project("{2150E333-8FDC-42A3-9474-1A3956D46DE8}") = "Shared", "Shared", "{23882E65-0219-476B-A3B5-39CD4868911E}"
EndProject
Project("{FAE04EC0-301F-11D3-BF4B-00C04F79EFBC}") = "Nexus.Shared.Domain", "Nexus.Shared.Domain\Nexus.Shared.Domain.csproj", "{24AC2FD3-BC17-46BB-9F0C-D44971350683}"
EndProject
Project("{FAE04EC0-301F-11D3-BF4B-00C04F79EFBC}") = "Nexus.Shared.Application", "Nexus.Shared.Application\Nexus.Shared.Application.csproj", "{3E2CCFD7-7828-42AF-9CB7-292DC7DB9AFB}"
EndProject
Project("{FAE04EC0-301F-11D3-BF4B-00C04F79EFBC}") = "Nexus.Shared.Infrastructure", "Nexus.Shared.Infrastructure\Nexus.Shared.Infrastructure.csproj", "{82E0A5DD-9282-46FB-8EE5-84DCB99B7CC0}"
EndProject
Project("{FAE04EC0-301F-11D3-BF4B-00C04F79EFBC}") = "Nexus.Shared.Persistence", "Nexus.Shared.Persistence\Nexus.Shared.Persistence.csproj", "{6F7D9953-CCFB-4303-9F3D-AD9C834A46B6}"
EndProject
Project("{2150E333-8FDC-42A3-9474-1A3956D46DE8}") = "Host", "Host", "{9AFDABF2-084A-4A93-99BE-A9980A453EEC}"
EndProject
Project("{FAE04EC0-301F-11D3-BF4B-00C04F79EFBC}") = "Nexus.API", "Nexus.API\Nexus.API.csproj", "{5D8F633D-10C0-482B-8A7C-25CA6CC01DED}"
EndProject
Project("{2150E333-8FDC-42A3-9474-1A3956D46DE8}") = "User", "User", "{878CFDDB-EBD6-4E7E-BBAD-118528DF8388}"
EndProject
Project("{2150E333-8FDC-42A3-9474-1A3956D46DE8}") = "Meetings", "Meetings", "{8005C499-5B0A-47A2-BE73-22E468DAF690}"
EndProject
Project("{2150E333-8FDC-42A3-9474-1A3956D46DE8}") = "ExternalServices", "ExternalServices", "{1735F77E-5E5D-411D-BA2B-F2749A50203B}"
EndProject
Project("{FAE04EC0-301F-11D3-BF4B-00C04F79EFBC}") = "Nexus.Shared.Endpoints", "Nexus.Shared.Endpoints\Nexus.Shared.Endpoints.csproj", "{E38FE3C2-96E3-4783-9044-EFD4A6A4E4A2}"
EndProject
Project("{FAE04EC0-301F-11D3-BF4B-00C04F79EFBC}") = "Nexus.User.Domain", "Nexus.User.Domain\Nexus.User.Domain.csproj", "{9E6C7995-DA72-4C9F-A426-B0A04E2594C4}"
EndProject
Project("{FAE04EC0-301F-11D3-BF4B-00C04F79EFBC}") = "Nexus.User.Application", "Nexus.User.Application\Nexus.User.Application.csproj", "{B1D443D8-5975-4FE3-AF65-D70E007E8080}"
EndProject
Project("{FAE04EC0-301F-11D3-BF4B-00C04F79EFBC}") = "Nexus.User.Endpoints", "Nexus.User.Endpoints\Nexus.User.Endpoints.csproj", "{C4CB56AF-1C4D-4DC5-8949-99C464437D9C}"
EndProject
Project("{FAE04EC0-301F-11D3-BF4B-00C04F79EFBC}") = "Nexus.Meetings.Domain", "Nexus.Meetings.Domain\Nexus.Meetings.Domain.csproj", "{F135785E-535F-4E5C-891F-D7B614D48D5D}"
EndProject
Project("{FAE04EC0-301F-11D3-BF4B-00C04F79EFBC}") = "Nexus.Meetings.Application", "Nexus.Meetings.Application\Nexus.Meetings.Application.csproj", "{297F3FF9-7901-4F63-8A27-D6D7DFA5B84E}"
EndProject
Project("{FAE04EC0-301F-11D3-BF4B-00C04F79EFBC}") = "Nexus.Meetings.Infrastructure", "Nexus.Meetings.Infrastructure\Nexus.Meetings.Infrastructure.csproj", "{AFE3FF59-D8BD-4102-8180-36174F843993}"
EndProject
Project("{FAE04EC0-301F-11D3-BF4B-00C04F79EFBC}") = "Nexus.Meetings.Presistence", "Nexus.Meetings.Presistence\Nexus.Meetings.Presistence.csproj", "{AB784E6A-9D6F-46B9-804F-DD108F26DF6D}"
EndProject
Project("{FAE04EC0-301F-11D3-BF4B-00C04F79EFBC}") = "Nexus.Meetings.Endpoints", "Nexus.Meetings.Endpoints\Nexus.Meetings.Endpoints.csproj", "{C270427C-66A4-404D-B891-1A4EFC83F853}"
EndProject
Global
	GlobalSection(SolutionConfigurationPlatforms) = preSolution
		Debug|Any CPU = Debug|Any CPU
		Release|Any CPU = Release|Any CPU
	EndGlobalSection
	GlobalSection(NestedProjects) = preSolution
		{24AC2FD3-BC17-46BB-9F0C-D44971350683} = {23882E65-0219-476B-A3B5-39CD4868911E}
		{3E2CCFD7-7828-42AF-9CB7-292DC7DB9AFB} = {23882E65-0219-476B-A3B5-39CD4868911E}
		{82E0A5DD-9282-46FB-8EE5-84DCB99B7CC0} = {23882E65-0219-476B-A3B5-39CD4868911E}
		{6F7D9953-CCFB-4303-9F3D-AD9C834A46B6} = {23882E65-0219-476B-A3B5-39CD4868911E}
		{5D8F633D-10C0-482B-8A7C-25CA6CC01DED} = {9AFDABF2-084A-4A93-99BE-A9980A453EEC}
		{878CFDDB-EBD6-4E7E-BBAD-118528DF8388} = {F1F01A83-D132-4AFC-9727-B2EB5590B411}
		{8005C499-5B0A-47A2-BE73-22E468DAF690} = {F1F01A83-D132-4AFC-9727-B2EB5590B411}
		{1735F77E-5E5D-411D-BA2B-F2749A50203B} = {F1F01A83-D132-4AFC-9727-B2EB5590B411}
		{E38FE3C2-96E3-4783-9044-EFD4A6A4E4A2} = {23882E65-0219-476B-A3B5-39CD4868911E}
		{9E6C7995-DA72-4C9F-A426-B0A04E2594C4} = {878CFDDB-EBD6-4E7E-BBAD-118528DF8388}
		{B1D443D8-5975-4FE3-AF65-D70E007E8080} = {878CFDDB-EBD6-4E7E-BBAD-118528DF8388}
		{C4CB56AF-1C4D-4DC5-8949-99C464437D9C} = {878CFDDB-EBD6-4E7E-BBAD-118528DF8388}
		{F135785E-535F-4E5C-891F-D7B614D48D5D} = {8005C499-5B0A-47A2-BE73-22E468DAF690}
		{297F3FF9-7901-4F63-8A27-D6D7DFA5B84E} = {8005C499-5B0A-47A2-BE73-22E468DAF690}
		{AFE3FF59-D8BD-4102-8180-36174F843993} = {8005C499-5B0A-47A2-BE73-22E468DAF690}
		{AB784E6A-9D6F-46B9-804F-DD108F26DF6D} = {8005C499-5B0A-47A2-BE73-22E468DAF690}
		{C270427C-66A4-404D-B891-1A4EFC83F853} = {8005C499-5B0A-47A2-BE73-22E468DAF690}
	EndGlobalSection
	GlobalSection(ProjectConfigurationPlatforms) = postSolution
		{24AC2FD3-BC17-46BB-9F0C-D44971350683}.Debug|Any CPU.ActiveCfg = Debug|Any CPU
		{24AC2FD3-BC17-46BB-9F0C-D44971350683}.Debug|Any CPU.Build.0 = Debug|Any CPU
		{24AC2FD3-BC17-46BB-9F0C-D44971350683}.Release|Any CPU.ActiveCfg = Release|Any CPU
		{24AC2FD3-BC17-46BB-9F0C-D44971350683}.Release|Any CPU.Build.0 = Release|Any CPU
		{3E2CCFD7-7828-42AF-9CB7-292DC7DB9AFB}.Debug|Any CPU.ActiveCfg = Debug|Any CPU
		{3E2CCFD7-7828-42AF-9CB7-292DC7DB9AFB}.Debug|Any CPU.Build.0 = Debug|Any CPU
		{3E2CCFD7-7828-42AF-9CB7-292DC7DB9AFB}.Release|Any CPU.ActiveCfg = Release|Any CPU
		{3E2CCFD7-7828-42AF-9CB7-292DC7DB9AFB}.Release|Any CPU.Build.0 = Release|Any CPU
		{82E0A5DD-9282-46FB-8EE5-84DCB99B7CC0}.Debug|Any CPU.ActiveCfg = Debug|Any CPU
		{82E0A5DD-9282-46FB-8EE5-84DCB99B7CC0}.Debug|Any CPU.Build.0 = Debug|Any CPU
		{82E0A5DD-9282-46FB-8EE5-84DCB99B7CC0}.Release|Any CPU.ActiveCfg = Release|Any CPU
		{82E0A5DD-9282-46FB-8EE5-84DCB99B7CC0}.Release|Any CPU.Build.0 = Release|Any CPU
		{6F7D9953-CCFB-4303-9F3D-AD9C834A46B6}.Debug|Any CPU.ActiveCfg = Debug|Any CPU
		{6F7D9953-CCFB-4303-9F3D-AD9C834A46B6}.Debug|Any CPU.Build.0 = Debug|Any CPU
		{6F7D9953-CCFB-4303-9F3D-AD9C834A46B6}.Release|Any CPU.ActiveCfg = Release|Any CPU
		{6F7D9953-CCFB-4303-9F3D-AD9C834A46B6}.Release|Any CPU.Build.0 = Release|Any CPU
		{5D8F633D-10C0-482B-8A7C-25CA6CC01DED}.Debug|Any CPU.ActiveCfg = Debug|Any CPU
		{5D8F633D-10C0-482B-8A7C-25CA6CC01DED}.Debug|Any CPU.Build.0 = Debug|Any CPU
		{5D8F633D-10C0-482B-8A7C-25CA6CC01DED}.Release|Any CPU.ActiveCfg = Release|Any CPU
		{5D8F633D-10C0-482B-8A7C-25CA6CC01DED}.Release|Any CPU.Build.0 = Release|Any CPU
		{E38FE3C2-96E3-4783-9044-EFD4A6A4E4A2}.Debug|Any CPU.ActiveCfg = Debug|Any CPU
		{E38FE3C2-96E3-4783-9044-EFD4A6A4E4A2}.Debug|Any CPU.Build.0 = Debug|Any CPU
		{E38FE3C2-96E3-4783-9044-EFD4A6A4E4A2}.Release|Any CPU.ActiveCfg = Release|Any CPU
		{E38FE3C2-96E3-4783-9044-EFD4A6A4E4A2}.Release|Any CPU.Build.0 = Release|Any CPU
		{9E6C7995-DA72-4C9F-A426-B0A04E2594C4}.Debug|Any CPU.ActiveCfg = Debug|Any CPU
		{9E6C7995-DA72-4C9F-A426-B0A04E2594C4}.Debug|Any CPU.Build.0 = Debug|Any CPU
		{9E6C7995-DA72-4C9F-A426-B0A04E2594C4}.Release|Any CPU.ActiveCfg = Release|Any CPU
		{9E6C7995-DA72-4C9F-A426-B0A04E2594C4}.Release|Any CPU.Build.0 = Release|Any CPU
		{B1D443D8-5975-4FE3-AF65-D70E007E8080}.Debug|Any CPU.ActiveCfg = Debug|Any CPU
		{B1D443D8-5975-4FE3-AF65-D70E007E8080}.Debug|Any CPU.Build.0 = Debug|Any CPU
		{B1D443D8-5975-4FE3-AF65-D70E007E8080}.Release|Any CPU.ActiveCfg = Release|Any CPU
		{B1D443D8-5975-4FE3-AF65-D70E007E8080}.Release|Any CPU.Build.0 = Release|Any CPU
		{C4CB56AF-1C4D-4DC5-8949-99C464437D9C}.Debug|Any CPU.ActiveCfg = Debug|Any CPU
		{C4CB56AF-1C4D-4DC5-8949-99C464437D9C}.Debug|Any CPU.Build.0 = Debug|Any CPU
		{C4CB56AF-1C4D-4DC5-8949-99C464437D9C}.Release|Any CPU.ActiveCfg = Release|Any CPU
		{C4CB56AF-1C4D-4DC5-8949-99C464437D9C}.Release|Any CPU.Build.0 = Release|Any CPU
		{F135785E-535F-4E5C-891F-D7B614D48D5D}.Debug|Any CPU.ActiveCfg = Debug|Any CPU
		{F135785E-535F-4E5C-891F-D7B614D48D5D}.Debug|Any CPU.Build.0 = Debug|Any CPU
		{F135785E-535F-4E5C-891F-D7B614D48D5D}.Release|Any CPU.ActiveCfg = Release|Any CPU
		{F135785E-535F-4E5C-891F-D7B614D48D5D}.Release|Any CPU.Build.0 = Release|Any CPU
		{297F3FF9-7901-4F63-8A27-D6D7DFA5B84E}.Debug|Any CPU.ActiveCfg = Debug|Any CPU
		{297F3FF9-7901-4F63-8A27-D6D7DFA5B84E}.Debug|Any CPU.Build.0 = Debug|Any CPU
		{297F3FF9-7901-4F63-8A27-D6D7DFA5B84E}.Release|Any CPU.ActiveCfg = Release|Any CPU
		{297F3FF9-7901-4F63-8A27-D6D7DFA5B84E}.Release|Any CPU.Build.0 = Release|Any CPU
		{AFE3FF59-D8BD-4102-8180-36174F843993}.Debug|Any CPU.ActiveCfg = Debug|Any CPU
		{AFE3FF59-D8BD-4102-8180-36174F843993}.Debug|Any CPU.Build.0 = Debug|Any CPU
		{AFE3FF59-D8BD-4102-8180-36174F843993}.Release|Any CPU.ActiveCfg = Release|Any CPU
		{AFE3FF59-D8BD-4102-8180-36174F843993}.Release|Any CPU.Build.0 = Release|Any CPU
		{AB784E6A-9D6F-46B9-804F-DD108F26DF6D}.Debug|Any CPU.ActiveCfg = Debug|Any CPU
		{AB784E6A-9D6F-46B9-804F-DD108F26DF6D}.Debug|Any CPU.Build.0 = Debug|Any CPU
		{AB784E6A-9D6F-46B9-804F-DD108F26DF6D}.Release|Any CPU.ActiveCfg = Release|Any CPU
		{AB784E6A-9D6F-46B9-804F-DD108F26DF6D}.Release|Any CPU.Build.0 = Release|Any CPU
		{C270427C-66A4-404D-B891-1A4EFC83F853}.Debug|Any CPU.ActiveCfg = Debug|Any CPU
		{C270427C-66A4-404D-B891-1A4EFC83F853}.Debug|Any CPU.Build.0 = Debug|Any CPU
		{C270427C-66A4-404D-B891-1A4EFC83F853}.Release|Any CPU.ActiveCfg = Release|Any CPU
		{C270427C-66A4-404D-B891-1A4EFC83F853}.Release|Any CPU.Build.0 = Release|Any CPU
	EndGlobalSection
EndGlobal
